
Microsoft Visual Studio Solution File, Format Version 12.00
# Visual Studio Version 17
VisualStudioVersion = 17.0.31903.59
MinimumVisualStudioVersion = 10.0.40219.1
Project("{FAE04EC0-301F-11D3-BF4B-00C04F79EFBC}") = "LoadDWVentas.Data", "LoadDWVentas.Data\LoadDWVentas.Data.csproj", "{E5A0D56B-28EC-4A88-A69D-7B8C781D97B5}"
EndProject
Project("{FAE04EC0-301F-11D3-BF4B-00C04F79EFBC}") = "LoadDWVentas.WorkerService", "LoadDWVentas.WorkerService\LoadDWVentas.WorkerService.csproj", "{9F17AAFF-4A3D-41DE-8D5B-5352379BB2B6}"
EndProject
Global
	GlobalSection(SolutionConfigurationPlatforms) = preSolution
		Debug|Any CPU = Debug|Any CPU
		Release|Any CPU = Release|Any CPU
	EndGlobalSection
	GlobalSection(SolutionProperties) = preSolution
		HideSolutionNode = FALSE
	EndGlobalSection
	GlobalSection(ProjectConfigurationPlatforms) = postSolution
		{E5A0D56B-28EC-4A88-A69D-7B8C781D97B5}.Debug|Any CPU.ActiveCfg = Debug|Any CPU
		{E5A0D56B-28EC-4A88-A69D-7B8C781D97B5}.Debug|Any CPU.Build.0 = Debug|Any CPU
		{E5A0D56B-28EC-4A88-A69D-7B8C781D97B5}.Release|Any CPU.ActiveCfg = Release|Any CPU
		{E5A0D56B-28EC-4A88-A69D-7B8C781D97B5}.Release|Any CPU.Build.0 = Release|Any CPU
		{9F17AAFF-4A3D-41DE-8D5B-5352379BB2B6}.Debug|Any CPU.ActiveCfg = Debug|Any CPU
		{9F17AAFF-4A3D-41DE-8D5B-5352379BB2B6}.Debug|Any CPU.Build.0 = Debug|Any CPU
		{9F17AAFF-4A3D-41DE-8D5B-5352379BB2B6}.Release|Any CPU.ActiveCfg = Release|Any CPU
		{9F17AAFF-4A3D-41DE-8D5B-5352379BB2B6}.Release|Any CPU.Build.0 = Release|Any CPU
	EndGlobalSection
EndGlobal
